
Microsoft Visual Studio Solution File, Format Version 11.00
# Visual Studio 2010
Project("{FAE04EC0-301F-11D3-BF4B-00C04F79EFBC}") = "Assembly-CSharp", "Assembly-CSharp.csproj", "{f54aade6-ffd7-1730-4513-60f3bdc8a5e9}"
EndProject
Project("{FAE04EC0-301F-11D3-BF4B-00C04F79EFBC}") = "Assembly-CSharp-Editor", "Assembly-CSharp-Editor.csproj", "{6408788b-67e1-2fe4-18f7-c15542eb2fe1}"
EndProject
Global
	GlobalSection(SolutionConfigurationPlatforms) = preSolution
		Debug|Any CPU = Debug|Any CPU
	EndGlobalSection
	GlobalSection(ProjectConfigurationPlatforms) = postSolution
		{f54aade6-ffd7-1730-4513-60f3bdc8a5e9}.Debug|Any CPU.ActiveCfg = Debug|Any CPU
		{f54aade6-ffd7-1730-4513-60f3bdc8a5e9}.Debug|Any CPU.Build.0 = Debug|Any CPU
		{6408788b-67e1-2fe4-18f7-c15542eb2fe1}.Debug|Any CPU.ActiveCfg = Debug|Any CPU
		{6408788b-67e1-2fe4-18f7-c15542eb2fe1}.Debug|Any CPU.Build.0 = Debug|Any CPU
	EndGlobalSection
	GlobalSection(SolutionProperties) = preSolution
		HideSolutionNode = FALSE
	EndGlobalSection
EndGlobal
